// !$*UTF8*$!
{
	archiveVersion = 1;
	classes = {
	};
	objectVersion = 50;
	objects = {

/* Begin PBXBuildFile section */
		8E1F7A0722EF9CF80046AD75 /* main.cpp in Sources */ = {isa = PBXBuildFile; fileRef = 8E1F7A0622EF9CF80046AD75 /* main.cpp */; };
		8E813D872304E488006052CF /* genome.cpp in Sources */ = {isa = PBXBuildFile; fileRef = 8E813D862304E488006052CF /* genome.cpp */; };
		8EF781492307E3F300536F17 /* ne.cpp in Sources */ = {isa = PBXBuildFile; fileRef = 8EF781482307E3F300536F17 /* ne.cpp */; };
		8EF9F43722FFD44100CD6017 /* population.cpp in Sources */ = {isa = PBXBuildFile; fileRef = 8EF9F43622FFD44100CD6017 /* population.cpp */; };
/* End PBXBuildFile section */

/* Begin PBXCopyFilesBuildPhase section */
		8E1F7A0122EF9CF80046AD75 /* CopyFiles */ = {
			isa = PBXCopyFilesBuildPhase;
			buildActionMask = 2147483647;
			dstPath = /usr/share/man/man1/;
			dstSubfolderSpec = 0;
			files = (
			);
			runOnlyForDeploymentPostprocessing = 1;
		};
/* End PBXCopyFilesBuildPhase section */

/* Begin PBXFileReference section */
		8E1F7A0322EF9CF80046AD75 /* NeuroEvolution */ = {isa = PBXFileReference; explicitFileType = "compiled.mach-o.executable"; includeInIndex = 0; path = NeuroEvolution; sourceTree = BUILT_PRODUCTS_DIR; };
		8E1F7A0622EF9CF80046AD75 /* main.cpp */ = {isa = PBXFileReference; lastKnownFileType = sourcecode.cpp.cpp; path = main.cpp; sourceTree = "<group>"; };
		8E1F7A0D22EF9D5A0046AD75 /* ne.h */ = {isa = PBXFileReference; lastKnownFileType = sourcecode.c.h; path = ne.h; sourceTree = "<group>"; };
		8E1F7A0F22EF9D980046AD75 /* common.h */ = {isa = PBXFileReference; lastKnownFileType = sourcecode.c.h; path = common.h; sourceTree = "<group>"; };
		8E1F7A1622F172360046AD75 /* population.h */ = {isa = PBXFileReference; lastKnownFileType = sourcecode.c.h; name = population.h; path = ../../../../../../System/Volumes/Data/Users/arthur/work/code/NeuroEvolution/NeuroEvolution/population.h; sourceTree = "<group>"; };
		8E21D4F122FD6A4500286DC4 /* pos.txt */ = {isa = PBXFileReference; fileEncoding = 4; lastKnownFileType = text; path = pos.txt; sourceTree = "<group>"; };
		8E21D4F222FD882600286DC4 /* log.txt */ = {isa = PBXFileReference; fileEncoding = 4; lastKnownFileType = text; path = log.txt; sourceTree = "<group>"; };
		8E813D852304E479006052CF /* genome.h */ = {isa = PBXFileReference; lastKnownFileType = sourcecode.c.h; path = genome.h; sourceTree = "<group>"; };
		8E813D862304E488006052CF /* genome.cpp */ = {isa = PBXFileReference; lastKnownFileType = sourcecode.cpp.cpp; path = genome.cpp; sourceTree = "<group>"; };
		8EBEB9E122F78BD200656B66 /* species.h */ = {isa = PBXFileReference; lastKnownFileType = sourcecode.c.h; path = species.h; sourceTree = "<group>"; };
		8EF781482307E3F300536F17 /* ne.cpp */ = {isa = PBXFileReference; lastKnownFileType = sourcecode.cpp.cpp; path = ne.cpp; sourceTree = "<group>"; };
		8EF9F43622FFD44100CD6017 /* population.cpp */ = {isa = PBXFileReference; lastKnownFileType = sourcecode.cpp.cpp; path = population.cpp; sourceTree = "<group>"; };
/* End PBXFileReference section */

/* Begin PBXFrameworksBuildPhase section */
		8E1F7A0022EF9CF80046AD75 /* Frameworks */ = {
			isa = PBXFrameworksBuildPhase;
			buildActionMask = 2147483647;
			files = (
			);
			runOnlyForDeploymentPostprocessing = 0;
		};
/* End PBXFrameworksBuildPhase section */

/* Begin PBXGroup section */
		8E1F79FA22EF9CF80046AD75 = {
			isa = PBXGroup;
			children = (
				8E1F7A0522EF9CF80046AD75 /* NeuroEvolution */,
				8E1F7A0422EF9CF80046AD75 /* Products */,
			);
			sourceTree = "<group>";
		};
		8E1F7A0422EF9CF80046AD75 /* Products */ = {
			isa = PBXGroup;
			children = (
				8E1F7A0322EF9CF80046AD75 /* NeuroEvolution */,
			);
			name = Products;
			sourceTree = "<group>";
		};
		8E1F7A0522EF9CF80046AD75 /* NeuroEvolution */ = {
			isa = PBXGroup;
			children = (
				8E1F7A0622EF9CF80046AD75 /* main.cpp */,
				8E21D4F222FD882600286DC4 /* log.txt */,
				8E21D4F122FD6A4500286DC4 /* pos.txt */,
				8EF9F43622FFD44100CD6017 /* population.cpp */,
				8E1F7A1622F172360046AD75 /* population.h */,
				8EBEB9E122F78BD200656B66 /* species.h */,
				8E813D862304E488006052CF /* genome.cpp */,
				8E813D852304E479006052CF /* genome.h */,
				8EF781482307E3F300536F17 /* ne.cpp */,
				8E1F7A0D22EF9D5A0046AD75 /* ne.h */,
				8E1F7A0F22EF9D980046AD75 /* common.h */,
			);
			path = NeuroEvolution;
			sourceTree = "<group>";
		};
/* End PBXGroup section */

/* Begin PBXNativeTarget section */
		8E1F7A0222EF9CF80046AD75 /* NeuroEvolution */ = {
			isa = PBXNativeTarget;
			buildConfigurationList = 8E1F7A0A22EF9CF80046AD75 /* Build configuration list for PBXNativeTarget "NeuroEvolution" */;
			buildPhases = (
				8E1F79FF22EF9CF80046AD75 /* Sources */,
				8E1F7A0022EF9CF80046AD75 /* Frameworks */,
				8E1F7A0122EF9CF80046AD75 /* CopyFiles */,
			);
			buildRules = (
			);
			dependencies = (
			);
			name = NeuroEvolution;
			productName = NeuroEvolution;
			productReference = 8E1F7A0322EF9CF80046AD75 /* NeuroEvolution */;
			productType = "com.apple.product-type.tool";
		};
/* End PBXNativeTarget section */

/* Begin PBXProject section */
		8E1F79FB22EF9CF80046AD75 /* Project object */ = {
			isa = PBXProject;
			attributes = {
				LastUpgradeCheck = 1000;
				ORGANIZATIONNAME = "Arthur Sun";
				TargetAttributes = {
					8E1F7A0222EF9CF80046AD75 = {
						CreatedOnToolsVersion = 10.0;
					};
				};
			};
			buildConfigurationList = 8E1F79FE22EF9CF80046AD75 /* Build configuration list for PBXProject "NeuroEvolution" */;
			compatibilityVersion = "Xcode 9.3";
			developmentRegion = en;
			hasScannedForEncodings = 0;
			knownRegions = (
				en,
			);
			mainGroup = 8E1F79FA22EF9CF80046AD75;
			productRefGroup = 8E1F7A0422EF9CF80046AD75 /* Products */;
			projectDirPath = "";
			projectRoot = "";
			targets = (
				8E1F7A0222EF9CF80046AD75 /* NeuroEvolution */,
			);
		};
/* End PBXProject section */

/* Begin PBXSourcesBuildPhase section */
		8E1F79FF22EF9CF80046AD75 /* Sources */ = {
			isa = PBXSourcesBuildPhase;
			buildActionMask = 2147483647;
			files = (
				8EF9F43722FFD44100CD6017 /* population.cpp in Sources */,
				8E813D872304E488006052CF /* genome.cpp in Sources */,
				8EF781492307E3F300536F17 /* ne.cpp in Sources */,
				8E1F7A0722EF9CF80046AD75 /* main.cpp in Sources */,
			);
			runOnlyForDeploymentPostprocessing = 0;
		};
/* End PBXSourcesBuildPhase section */

/* Begin XCBuildConfiguration section */
		8E1F7A0822EF9CF80046AD75 /* Debug */ = {
			isa = XCBuildConfiguration;
			buildSettings = {
				ALWAYS_SEARCH_USER_PATHS = NO;
				CLANG_ANALYZER_NONNULL = YES;
				CLANG_ANALYZER_NUMBER_OBJECT_CONVERSION = YES_AGGRESSIVE;
				CLANG_CXX_LANGUAGE_STANDARD = "gnu++14";
				CLANG_CXX_LIBRARY = "libc++";
				CLANG_ENABLE_MODULES = YES;
				CLANG_ENABLE_OBJC_ARC = YES;
				CLANG_ENABLE_OBJC_WEAK = YES;
				CLANG_WARN_BLOCK_CAPTURE_AUTORELEASING = YES;
				CLANG_WARN_BOOL_CONVERSION = YES;
				CLANG_WARN_COMMA = YES;
				CLANG_WARN_CONSTANT_CONVERSION = YES;
				CLANG_WARN_DEPRECATED_OBJC_IMPLEMENTATIONS = YES;
				CLANG_WARN_DIRECT_OBJC_ISA_USAGE = YES_ERROR;
				CLANG_WARN_DOCUMENTATION_COMMENTS = YES;
				CLANG_WARN_EMPTY_BODY = YES;
				CLANG_WARN_ENUM_CONVERSION = YES;
				CLANG_WARN_INFINITE_RECURSION = YES;
				CLANG_WARN_INT_CONVERSION = YES;
				CLANG_WARN_NON_LITERAL_NULL_CONVERSION = YES;
				CLANG_WARN_OBJC_IMPLICIT_RETAIN_SELF = YES;
				CLANG_WARN_OBJC_LITERAL_CONVERSION = YES;
				CLANG_WARN_OBJC_ROOT_CLASS = YES_ERROR;
				CLANG_WARN_RANGE_LOOP_ANALYSIS = YES;
				CLANG_WARN_STRICT_PROTOTYPES = YES;
				CLANG_WARN_SUSPICIOUS_MOVE = YES;
				CLANG_WARN_UNGUARDED_AVAILABILITY = YES_AGGRESSIVE;
				CLANG_WARN_UNREACHABLE_CODE = YES;
				CLANG_WARN__DUPLICATE_METHOD_MATCH = YES;
				CODE_SIGN_IDENTITY = "Mac Developer";
				COPY_PHASE_STRIP = NO;
				DEBUG_INFORMATION_FORMAT = dwarf;
				ENABLE_STRICT_OBJC_MSGSEND = YES;
				ENABLE_TESTABILITY = YES;
				GCC_C_LANGUAGE_STANDARD = gnu11;
				GCC_DYNAMIC_NO_PIC = NO;
				GCC_NO_COMMON_BLOCKS = YES;
				GCC_OPTIMIZATION_LEVEL = 0;
				GCC_PREPROCESSOR_DEFINITIONS = (
					"DEBUG=1",
					"$(inherited)",
				);
				GCC_WARN_64_TO_32_BIT_CONVERSION = YES;
				GCC_WARN_ABOUT_RETURN_TYPE = YES_ERROR;
				GCC_WARN_UNDECLARED_SELECTOR = YES;
				GCC_WARN_UNINITIALIZED_AUTOS = YES_AGGRESSIVE;
				GCC_WARN_UNUSED_FUNCTION = YES;
				GCC_WARN_UNUSED_VARIABLE = YES;
				MACOSX_DEPLOYMENT_TARGET = 10.15;
				MTL_ENABLE_DEBUG_INFO = INCLUDE_SOURCE;
				ONLY_ACTIVE_ARCH = YES;
				SDKROOT = macosx;
			};
			name = Debug;
		};
		8E1F7A0922EF9CF80046AD75 /* Release */ = {
			isa = XCBuildConfiguration;
			buildSettings = {
				ALWAYS_SEARCH_USER_PATHS = NO;
				CLANG_ANALYZER_NONNULL = YES;
				CLANG_ANALYZER_NUMBER_OBJECT_CONVERSION = YES_AGGRESSIVE;
				CLANG_CXX_LANGUAGE_STANDARD = "gnu++14";
				CLANG_CXX_LIBRARY = "libc++";
				CLANG_ENABLE_MODULES = YES;
				CLANG_ENABLE_OBJC_ARC = YES;
				CLANG_ENABLE_OBJC_WEAK = YES;
				CLANG_WARN_BLOCK_CAPTURE_AUTORELEASING = YES;
				CLANG_WARN_BOOL_CONVERSION = YES;
				CLANG_WARN_COMMA = YES;
				CLANG_WARN_CONSTANT_CONVERSION = YES;
				CLANG_WARN_DEPRECATED_OBJC_IMPLEMENTATIONS = YES;
				CLANG_WARN_DIRECT_OBJC_ISA_USAGE = YES_ERROR;
				CLANG_WARN_DOCUMENTATION_COMMENTS = YES;
				CLANG_WARN_EMPTY_BODY = YES;
				CLANG_WARN_ENUM_CONVERSION = YES;
				CLANG_WARN_INFINITE_RECURSION = YES;
				CLANG_WARN_INT_CONVERSION = YES;
				CLANG_WARN_NON_LITERAL_NULL_CONVERSION = YES;
				CLANG_WARN_OBJC_IMPLICIT_RETAIN_SELF = YES;
				CLANG_WARN_OBJC_LITERAL_CONVERSION = YES;
				CLANG_WARN_OBJC_ROOT_CLASS = YES_ERROR;
				CLANG_WARN_RANGE_LOOP_ANALYSIS = YES;
				CLANG_WARN_STRICT_PROTOTYPES = YES;
				CLANG_WARN_SUSPICIOUS_MOVE = YES;
				CLANG_WARN_UNGUARDED_AVAILABILITY = YES_AGGRESSIVE;
				CLANG_WARN_UNREACHABLE_CODE = YES;
				CLANG_WARN__DUPLICATE_METHOD_MATCH = YES;
				CODE_SIGN_IDENTITY = "Mac Developer";
				COPY_PHASE_STRIP = NO;
				DEBUG_INFORMATION_FORMAT = "dwarf-with-dsym";
				ENABLE_NS_ASSERTIONS = NO;
				ENABLE_STRICT_OBJC_MSGSEND = YES;
				GCC_C_LANGUAGE_STANDARD = gnu11;
				GCC_NO_COMMON_BLOCKS = YES;
				GCC_WARN_64_TO_32_BIT_CONVERSION = YES;
				GCC_WARN_ABOUT_RETURN_TYPE = YES_ERROR;
				GCC_WARN_UNDECLARED_SELECTOR = YES;
				GCC_WARN_UNINITIALIZED_AUTOS = YES_AGGRESSIVE;
				GCC_WARN_UNUSED_FUNCTION = YES;
				GCC_WARN_UNUSED_VARIABLE = YES;
				MACOSX_DEPLOYMENT_TARGET = 10.15;
				MTL_ENABLE_DEBUG_INFO = NO;
				SDKROOT = macosx;
			};
			name = Release;
		};
		8E1F7A0B22EF9CF80046AD75 /* Debug */ = {
			isa = XCBuildConfiguration;
			buildSettings = {
				CODE_SIGN_STYLE = Automatic;
				DEVELOPMENT_TEAM = CDS6RVS6JM;
				GCC_OPTIMIZATION_LEVEL = s;
				PRODUCT_NAME = "$(TARGET_NAME)";
			};
			name = Debug;
		};
		8E1F7A0C22EF9CF80046AD75 /* Release */ = {
			isa = XCBuildConfiguration;
			buildSettings = {
				CODE_SIGN_STYLE = Automatic;
				DEVELOPMENT_TEAM = CDS6RVS6JM;
				GCC_OPTIMIZATION_LEVEL = s;
				PRODUCT_NAME = "$(TARGET_NAME)";
			};
			name = Release;
		};
/* End XCBuildConfiguration section */

/* Begin XCConfigurationList section */
		8E1F79FE22EF9CF80046AD75 /* Build configuration list for PBXProject "NeuroEvolution" */ = {
			isa = XCConfigurationList;
			buildConfigurations = (
				8E1F7A0822EF9CF80046AD75 /* Debug */,
				8E1F7A0922EF9CF80046AD75 /* Release */,
			);
			defaultConfigurationIsVisible = 0;
			defaultConfigurationName = Release;
		};
		8E1F7A0A22EF9CF80046AD75 /* Build configuration list for PBXNativeTarget "NeuroEvolution" */ = {
			isa = XCConfigurationList;
			buildConfigurations = (
				8E1F7A0B22EF9CF80046AD75 /* Debug */,
				8E1F7A0C22EF9CF80046AD75 /* Release */,
			);
			defaultConfigurationIsVisible = 0;
			defaultConfigurationName = Release;
		};
/* End XCConfigurationList section */
	};
	rootObject = 8E1F79FB22EF9CF80046AD75 /* Project object */;
}
